{
  "version": 4,
  "terraform_version": "1.6.6",
  "serial": 130,
  "lineage": "e8a9efbd-1647-7f7c-258a-b0672a043461",
  "outputs": {
    "investor_details": {
      "value": [
        "harshdeep",
        "gurleen",
        "jashan",
        "jaikaran"
      ],
      "type": [
        "list",
        "string"
      ]
    },
    "owner_details": {
      "value": {
        "age": "45",
        "location": "chandigarh",
        "name": "harman",
        "phone-number": "538252332"
      },
      "type": [
        "map",
        "string"
      ]
    }
  },
  "resources": [
    {
      "mode": "managed",
      "type": "local_file",
      "name": "all-user",
      "provider": "provider[\"registry.terraform.io/hashicorp/local\"]",
      "instances": [
        {
          "schema_version": 0,
          "attributes": {
            "content": "CONTENTS OF ALL USERS,\r\n\r\n ID: 0434, Name: shreya, localite: true , User-Type: temporary, Phone-Number:9436242778\nID: ee3d, Name: sameeksha, localite: false , User-Type: permanent, Phone-Number:9435645654\nID: 90b2, Name: aneesh, localite: false , User-Type: temporary, Phone-Number:9436242778\nID: f47e, Name: karan, localite: true , User-Type: permanent, Phone-Number:9436242778\r\n",
            "content_base64": null,
            "content_base64sha256": "wRLRdJSa2dv8Sbhr3wXSXZA1eKHdXC0PiuIyNAHw/bs=",
            "content_base64sha512": "cuDIHB2fw0eXjGqqaKkMnktyXZ8n9bKk5AT/XpdJ3F2bT02O78kPbHg6sZqkwur1f8b556NVjYtWRlYvlV+ivg==",
            "content_md5": "cf9995023d1dd751f19abe3152bf57d3",
            "content_sha1": "6cf6a431af3e658782482e73a4ca3569a1f50ad1",
            "content_sha256": "c112d174949ad9dbfc49b86bdf05d25d903578a1dd5c2d0f8ae2323401f0fdbb",
            "content_sha512": "72e0c81c1d9fc347978c6aaa68a90c9e4b725d9f27f5b2a4e404ff5e9749dc5d9b4f4d8eefc90f6c783ab19aa4c2eaf57fc6f9e7a3558d8b5646562f955fa2be",
            "directory_permission": "0777",
            "file_permission": "0777",
            "filename": "./../folder2/all-user.txt",
            "id": "6cf6a431af3e658782482e73a4ca3569a1f50ad1",
            "sensitive_content": null,
            "source": null
          },
          "sensitive_attributes": [],
          "dependencies": [
            "random_id.current_user-id"
          ]
        }
      ]
    },
    {
      "mode": "managed",
      "type": "local_file",
      "name": "current_user",
      "provider": "provider[\"registry.terraform.io/hashicorp/local\"]",
      "instances": [
        {
          "schema_version": 0,
          "attributes": {
            "content": "current user name: value,\r\ncurrent user id: 0434,\r\ncurrent user password:R#?$CVX5D-,\r\ncurrent user type:value,\r\nIs current user a localite?:false,\r\nphone number :9876543210\r\n",
            "content_base64": null,
            "content_base64sha256": "ZTeh3M1ZjpYRb8znSiO7bNzLF3E51XohoF3lBEZW7sw=",
            "content_base64sha512": "v3PdAY8yzc739xM/Nu92eoeVwhQ/0DCRwLk04qMWMJFmQ9ZdkqlKMTn+r6vD3DzvX8iat8Zb3XQ6dCoE5TYFdA==",
            "content_md5": "dfc9cea423fe96eeca0b292f5520dd69",
            "content_sha1": "320a5f8001eb5b4072fdc87bb9270737b40481cb",
            "content_sha256": "6537a1dccd598e96116fcce74a23bb6cdccb177139d57a21a05de5044656eecc",
            "content_sha512": "bf73dd018f32cdcef7f7133f36ef767a8795c2143fd03091c0b934e2a31630916643d65d92a94a3139feafabc3dc3cef5fc89ab7c65bdd743a742a04e5360574",
            "directory_permission": "0777",
            "file_permission": "0777",
            "filename": "./current-user.txt",
            "id": "320a5f8001eb5b4072fdc87bb9270737b40481cb",
            "sensitive_content": null,
            "source": null
          },
          "sensitive_attributes": [
            [
              {
                "type": "get_attr",
                "value": "content"
              }
            ]
          ],
          "dependencies": [
            "random_id.current_user-id",
            "random_password.current-user-password"
          ]
        }
      ]
    },
    {
      "mode": "managed",
      "type": "local_file",
      "name": "file3",
      "provider": "provider[\"registry.terraform.io/hashicorp/local\"]",
      "instances": [
        {
          "schema_version": 0,
          "attributes": {
            "content": "OWNER DETAILS,\r\nname: harman,age: 45, phone_number:538252332, location:chandigarh\r\n INVESTOR DETAILS ,\r\n investors: harshdeep\n investors: gurleen\n investors: jashan\n investors: jaikaran\r\n",
            "content_base64": null,
            "content_base64sha256": "7/cx35ft9Q7CoS7cKihsbVO1oFQ4MZhCWKuatD81UVs=",
            "content_base64sha512": "43TCej2Un05EBzRq9tzvD0F4/TBc3fvmlf4d+iPcZy/pDxOmoQc+5dxlBX6QfOxSmNuSJS4EkS2c4K4B65n6fQ==",
            "content_md5": "c447e734f28a514916cb77d6eeeec2c8",
            "content_sha1": "86d5220d097dcdc3346c47ebe358b859b02c6b9b",
            "content_sha256": "eff731df97edf50ec2a12edc2a286c6d53b5a0543831984258ab9ab43f35515b",
            "content_sha512": "e374c27a3d949f4e4407346af6dcef0f4178fd305cddfbe695fe1dfa23dc672fe90f13a6a1073ee5dc65057e907cec5298db92252e04912d9ce0ae01eb99fa7d",
            "directory_permission": "0777",
            "file_permission": "0777",
            "filename": "./../../folder3/file1.txt",
            "id": "86d5220d097dcdc3346c47ebe358b859b02c6b9b",
            "sensitive_content": null,
            "source": null
          },
          "sensitive_attributes": []
        }
      ]
    },
    {
      "mode": "managed",
      "type": "random_id",
      "name": "current_user-id",
      "provider": "provider[\"registry.terraform.io/hashicorp/random\"]",
      "instances": [
        {
          "index_key": 0,
          "schema_version": 0,
          "attributes": {
            "b64_std": "BDQ=",
            "b64_url": "BDQ",
            "byte_length": 2,
            "dec": "1076",
            "hex": "0434",
            "id": "BDQ",
            "keepers": null,
            "prefix": null
          },
          "sensitive_attributes": []
        },
        {
          "index_key": 1,
          "schema_version": 0,
          "attributes": {
            "b64_std": "7j0=",
            "b64_url": "7j0",
            "byte_length": 2,
            "dec": "60989",
            "hex": "ee3d",
            "id": "7j0",
            "keepers": null,
            "prefix": null
          },
          "sensitive_attributes": []
        },
        {
          "index_key": 2,
          "schema_version": 0,
          "attributes": {
            "b64_std": "kLI=",
            "b64_url": "kLI",
            "byte_length": 2,
            "dec": "37042",
            "hex": "90b2",
            "id": "kLI",
            "keepers": null,
            "prefix": null
          },
          "sensitive_attributes": []
        },
        {
          "index_key": 3,
          "schema_version": 0,
          "attributes": {
            "b64_std": "9H4=",
            "b64_url": "9H4",
            "byte_length": 2,
            "dec": "62590",
            "hex": "f47e",
            "id": "9H4",
            "keepers": null,
            "prefix": null
          },
          "sensitive_attributes": []
        },
        {
          "index_key": 4,
          "schema_version": 0,
          "attributes": {
            "b64_std": "ig0=",
            "b64_url": "ig0",
            "byte_length": 2,
            "dec": "35341",
            "hex": "8a0d",
            "id": "ig0",
            "keepers": null,
            "prefix": null
          },
          "sensitive_attributes": []
        }
      ]
    },
    {
      "mode": "managed",
      "type": "random_password",
      "name": "current-user-password",
      "provider": "provider[\"registry.terraform.io/hashicorp/random\"]",
      "instances": [
        {
          "schema_version": 3,
          "attributes": {
            "bcrypt_hash": "$2a$10$dBRKxRBEDUgqKf8LAW8EFOFwVx8FXe5Ot3BjPTleX.5YqBNrzP.jG",
            "id": "none",
            "keepers": null,
            "length": 10,
            "lower": true,
            "min_lower": 0,
            "min_numeric": 0,
            "min_special": 0,
            "min_upper": 0,
            "number": true,
            "numeric": true,
            "override_special": null,
            "result": "R#?$CVX5D-",
            "special": true,
            "upper": true
          },
          "sensitive_attributes": []
        }
      ]
    }
  ],
  "check_results": null
}
